
Microsoft Visual Studio Solution File, Format Version 12.00
# Visual Studio Version 16
VisualStudioVersion = 16.0.31105.61
MinimumVisualStudioVersion = 10.0.40219.1
Project("{8BC9CEB8-8B4A-11D0-8D11-00A0C91BC942}") = "Copies", "Copies\Copies.vcxproj", "{41A41878-C3B1-4EE6-8145-6EFE022F591C}"
EndProject
Project("{8BC9CEB8-8B4A-11D0-8D11-00A0C91BC942}") = "isCorrectDataTest", "isCorrectDataTest\isCorrectDataTest.vcxproj", "{261958BA-CCE7-454C-AC9E-A349BEAF414F}"
EndProject
Project("{8BC9CEB8-8B4A-11D0-8D11-00A0C91BC942}") = "inputTest", "inputTest\inputTest.vcxproj", "{FFB8B504-3848-4672-BA88-EF2F0A3D8884}"
EndProject
Project("{8BC9CEB8-8B4A-11D0-8D11-00A0C91BC942}") = "swapNumbersTest", "swapNumbersTest\swapNumbersTest.vcxproj", "{552C9C8E-6026-4603-8924-7AED86682052}"
EndProject
Project("{8BC9CEB8-8B4A-11D0-8D11-00A0C91BC942}") = "nodTest", "nodTest\nodTest.vcxproj", "{C32B485F-B9DD-41E0-A5EF-1BD12E4EF7FE}"
EndProject
Project("{8BC9CEB8-8B4A-11D0-8D11-00A0C91BC942}") = "progressHandlerOfCopierTest", "progressHandlerOfCopierTest\progressHandlerOfCopierTest.vcxproj", "{04013378-1B5F-41AB-9CAD-E235E49E9BA2}"
EndProject
Project("{8BC9CEB8-8B4A-11D0-8D11-00A0C91BC942}") = "calcMinTimeOfPrintingByTwoCopiersTest", "calcMinTimeOfPrintingByTwoCopiersTest\calcMinTimeOfPrintingByTwoCopiersTest.vcxproj", "{99D4AF0B-66BA-497E-A972-38906BD19177}"
EndProject
Global
	GlobalSection(SolutionConfigurationPlatforms) = preSolution
		Debug|x64 = Debug|x64
		Debug|x86 = Debug|x86
		Release|x64 = Release|x64
		Release|x86 = Release|x86
	EndGlobalSection
	GlobalSection(ProjectConfigurationPlatforms) = postSolution
		{41A41878-C3B1-4EE6-8145-6EFE022F591C}.Debug|x64.ActiveCfg = Debug|x64
		{41A41878-C3B1-4EE6-8145-6EFE022F591C}.Debug|x64.Build.0 = Debug|x64
		{41A41878-C3B1-4EE6-8145-6EFE022F591C}.Debug|x86.ActiveCfg = Debug|Win32
		{41A41878-C3B1-4EE6-8145-6EFE022F591C}.Debug|x86.Build.0 = Debug|Win32
		{41A41878-C3B1-4EE6-8145-6EFE022F591C}.Release|x64.ActiveCfg = Release|x64
		{41A41878-C3B1-4EE6-8145-6EFE022F591C}.Release|x64.Build.0 = Release|x64
		{41A41878-C3B1-4EE6-8145-6EFE022F591C}.Release|x86.ActiveCfg = Release|Win32
		{41A41878-C3B1-4EE6-8145-6EFE022F591C}.Release|x86.Build.0 = Release|Win32
		{261958BA-CCE7-454C-AC9E-A349BEAF414F}.Debug|x64.ActiveCfg = Debug|x64
		{261958BA-CCE7-454C-AC9E-A349BEAF414F}.Debug|x64.Build.0 = Debug|x64
		{261958BA-CCE7-454C-AC9E-A349BEAF414F}.Debug|x86.ActiveCfg = Debug|Win32
		{261958BA-CCE7-454C-AC9E-A349BEAF414F}.Debug|x86.Build.0 = Debug|Win32
		{261958BA-CCE7-454C-AC9E-A349BEAF414F}.Release|x64.ActiveCfg = Release|x64
		{261958BA-CCE7-454C-AC9E-A349BEAF414F}.Release|x64.Build.0 = Release|x64
		{261958BA-CCE7-454C-AC9E-A349BEAF414F}.Release|x86.ActiveCfg = Release|Win32
		{261958BA-CCE7-454C-AC9E-A349BEAF414F}.Release|x86.Build.0 = Release|Win32
		{FFB8B504-3848-4672-BA88-EF2F0A3D8884}.Debug|x64.ActiveCfg = Debug|x64
		{FFB8B504-3848-4672-BA88-EF2F0A3D8884}.Debug|x64.Build.0 = Debug|x64
		{FFB8B504-3848-4672-BA88-EF2F0A3D8884}.Debug|x86.ActiveCfg = Debug|Win32
		{FFB8B504-3848-4672-BA88-EF2F0A3D8884}.Debug|x86.Build.0 = Debug|Win32
		{FFB8B504-3848-4672-BA88-EF2F0A3D8884}.Release|x64.ActiveCfg = Release|x64
		{FFB8B504-3848-4672-BA88-EF2F0A3D8884}.Release|x64.Build.0 = Release|x64
		{FFB8B504-3848-4672-BA88-EF2F0A3D8884}.Release|x86.ActiveCfg = Release|Win32
		{FFB8B504-3848-4672-BA88-EF2F0A3D8884}.Release|x86.Build.0 = Release|Win32
		{552C9C8E-6026-4603-8924-7AED86682052}.Debug|x64.ActiveCfg = Debug|x64
		{552C9C8E-6026-4603-8924-7AED86682052}.Debug|x64.Build.0 = Debug|x64
		{552C9C8E-6026-4603-8924-7AED86682052}.Debug|x86.ActiveCfg = Debug|Win32
		{552C9C8E-6026-4603-8924-7AED86682052}.Debug|x86.Build.0 = Debug|Win32
		{552C9C8E-6026-4603-8924-7AED86682052}.Release|x64.ActiveCfg = Release|x64
		{552C9C8E-6026-4603-8924-7AED86682052}.Release|x64.Build.0 = Release|x64
		{552C9C8E-6026-4603-8924-7AED86682052}.Release|x86.ActiveCfg = Release|Win32
		{552C9C8E-6026-4603-8924-7AED86682052}.Release|x86.Build.0 = Release|Win32
		{C32B485F-B9DD-41E0-A5EF-1BD12E4EF7FE}.Debug|x64.ActiveCfg = Debug|x64
		{C32B485F-B9DD-41E0-A5EF-1BD12E4EF7FE}.Debug|x64.Build.0 = Debug|x64
		{C32B485F-B9DD-41E0-A5EF-1BD12E4EF7FE}.Debug|x86.ActiveCfg = Debug|Win32
		{C32B485F-B9DD-41E0-A5EF-1BD12E4EF7FE}.Debug|x86.Build.0 = Debug|Win32
		{C32B485F-B9DD-41E0-A5EF-1BD12E4EF7FE}.Release|x64.ActiveCfg = Release|x64
		{C32B485F-B9DD-41E0-A5EF-1BD12E4EF7FE}.Release|x64.Build.0 = Release|x64
		{C32B485F-B9DD-41E0-A5EF-1BD12E4EF7FE}.Release|x86.ActiveCfg = Release|Win32
		{C32B485F-B9DD-41E0-A5EF-1BD12E4EF7FE}.Release|x86.Build.0 = Release|Win32
		{04013378-1B5F-41AB-9CAD-E235E49E9BA2}.Debug|x64.ActiveCfg = Debug|x64
		{04013378-1B5F-41AB-9CAD-E235E49E9BA2}.Debug|x64.Build.0 = Debug|x64
		{04013378-1B5F-41AB-9CAD-E235E49E9BA2}.Debug|x86.ActiveCfg = Debug|Win32
		{04013378-1B5F-41AB-9CAD-E235E49E9BA2}.Debug|x86.Build.0 = Debug|Win32
		{04013378-1B5F-41AB-9CAD-E235E49E9BA2}.Release|x64.ActiveCfg = Release|x64
		{04013378-1B5F-41AB-9CAD-E235E49E9BA2}.Release|x64.Build.0 = Release|x64
		{04013378-1B5F-41AB-9CAD-E235E49E9BA2}.Release|x86.ActiveCfg = Release|Win32
		{04013378-1B5F-41AB-9CAD-E235E49E9BA2}.Release|x86.Build.0 = Release|Win32
		{99D4AF0B-66BA-497E-A972-38906BD19177}.Debug|x64.ActiveCfg = Debug|x64
		{99D4AF0B-66BA-497E-A972-38906BD19177}.Debug|x64.Build.0 = Debug|x64
		{99D4AF0B-66BA-497E-A972-38906BD19177}.Debug|x86.ActiveCfg = Debug|Win32
		{99D4AF0B-66BA-497E-A972-38906BD19177}.Debug|x86.Build.0 = Debug|Win32
		{99D4AF0B-66BA-497E-A972-38906BD19177}.Release|x64.ActiveCfg = Release|x64
		{99D4AF0B-66BA-497E-A972-38906BD19177}.Release|x64.Build.0 = Release|x64
		{99D4AF0B-66BA-497E-A972-38906BD19177}.Release|x86.ActiveCfg = Release|Win32
		{99D4AF0B-66BA-497E-A972-38906BD19177}.Release|x86.Build.0 = Release|Win32
	EndGlobalSection
	GlobalSection(SolutionProperties) = preSolution
		HideSolutionNode = FALSE
	EndGlobalSection
	GlobalSection(ExtensibilityGlobals) = postSolution
		SolutionGuid = {623CEBEE-8D85-493C-AAF1-CB8AA9FC2CA8}
	EndGlobalSection
EndGlobal
